// !$*UTF8*$!
{
	archiveVersion = 1;
	classes = {
	};
	objectVersion = 46;
	objects = {

/* Begin PBXBuildFile section */
		BD56E37F1FAB945D00801492 /* AppDelegate.swift in Sources */ = {isa = PBXBuildFile; fileRef = BD56E37E1FAB945D00801492 /* AppDelegate.swift */; };
		BD56E3851FAB945D00801492 /* GameScene.swift in Sources */ = {isa = PBXBuildFile; fileRef = BD56E3841FAB945D00801492 /* GameScene.swift */; };
		BD56E3871FAB945D00801492 /* GameViewController.swift in Sources */ = {isa = PBXBuildFile; fileRef = BD56E3861FAB945D00801492 /* GameViewController.swift */; };
		BD56E38A1FAB945D00801492 /* Main.storyboard in Resources */ = {isa = PBXBuildFile; fileRef = BD56E3881FAB945D00801492 /* Main.storyboard */; };
		BD56E38C1FAB945D00801492 /* Assets.xcassets in Resources */ = {isa = PBXBuildFile; fileRef = BD56E38B1FAB945D00801492 /* Assets.xcassets */; };
		BD56E38F1FAB945D00801492 /* LaunchScreen.storyboard in Resources */ = {isa = PBXBuildFile; fileRef = BD56E38D1FAB945D00801492 /* LaunchScreen.storyboard */; };
		BD56E39A1FAB945D00801492 /* newGameTests.swift in Sources */ = {isa = PBXBuildFile; fileRef = BD56E3991FAB945D00801492 /* newGameTests.swift */; };
		BD56E3A51FAB945D00801492 /* newGameUITests.swift in Sources */ = {isa = PBXBuildFile; fileRef = BD56E3A41FAB945D00801492 /* newGameUITests.swift */; };
/* End PBXBuildFile section */

/* Begin PBXContainerItemProxy section */
		BD56E3961FAB945D00801492 /* PBXContainerItemProxy */ = {
			isa = PBXContainerItemProxy;
			containerPortal = BD56E3731FAB945D00801492 /* Project object */;
			proxyType = 1;
			remoteGlobalIDString = BD56E37A1FAB945D00801492;
			remoteInfo = newGame;
		};
		BD56E3A11FAB945D00801492 /* PBXContainerItemProxy */ = {
			isa = PBXContainerItemProxy;
			containerPortal = BD56E3731FAB945D00801492 /* Project object */;
			proxyType = 1;
			remoteGlobalIDString = BD56E37A1FAB945D00801492;
			remoteInfo = newGame;
		};
/* End PBXContainerItemProxy section */

/* Begin PBXFileReference section */
		BD56E37B1FAB945D00801492 /* newGame.app */ = {isa = PBXFileReference; explicitFileType = wrapper.application; includeInIndex = 0; path = newGame.app; sourceTree = BUILT_PRODUCTS_DIR; };
		BD56E37E1FAB945D00801492 /* AppDelegate.swift */ = {isa = PBXFileReference; lastKnownFileType = sourcecode.swift; path = AppDelegate.swift; sourceTree = "<group>"; };
		BD56E3841FAB945D00801492 /* GameScene.swift */ = {isa = PBXFileReference; lastKnownFileType = sourcecode.swift; path = GameScene.swift; sourceTree = "<group>"; };
		BD56E3861FAB945D00801492 /* GameViewController.swift */ = {isa = PBXFileReference; lastKnownFileType = sourcecode.swift; path = GameViewController.swift; sourceTree = "<group>"; };
		BD56E3891FAB945D00801492 /* Base */ = {isa = PBXFileReference; lastKnownFileType = file.storyboard; name = Base; path = Base.lproj/Main.storyboard; sourceTree = "<group>"; };
		BD56E38B1FAB945D00801492 /* Assets.xcassets */ = {isa = PBXFileReference; lastKnownFileType = folder.assetcatalog; path = Assets.xcassets; sourceTree = "<group>"; };
		BD56E38E1FAB945D00801492 /* Base */ = {isa = PBXFileReference; lastKnownFileType = file.storyboard; name = Base; path = Base.lproj/LaunchScreen.storyboard; sourceTree = "<group>"; };
		BD56E3901FAB945D00801492 /* Info.plist */ = {isa = PBXFileReference; lastKnownFileType = text.plist.xml; path = Info.plist; sourceTree = "<group>"; };
		BD56E3951FAB945D00801492 /* newGameTests.xctest */ = {isa = PBXFileReference; explicitFileType = wrapper.cfbundle; includeInIndex = 0; path = newGameTests.xctest; sourceTree = BUILT_PRODUCTS_DIR; };
		BD56E3991FAB945D00801492 /* newGameTests.swift */ = {isa = PBXFileReference; lastKnownFileType = sourcecode.swift; path = newGameTests.swift; sourceTree = "<group>"; };
		BD56E39B1FAB945D00801492 /* Info.plist */ = {isa = PBXFileReference; lastKnownFileType = text.plist.xml; path = Info.plist; sourceTree = "<group>"; };
		BD56E3A01FAB945D00801492 /* newGameUITests.xctest */ = {isa = PBXFileReference; explicitFileType = wrapper.cfbundle; includeInIndex = 0; path = newGameUITests.xctest; sourceTree = BUILT_PRODUCTS_DIR; };
		BD56E3A41FAB945D00801492 /* newGameUITests.swift */ = {isa = PBXFileReference; lastKnownFileType = sourcecode.swift; path = newGameUITests.swift; sourceTree = "<group>"; };
		BD56E3A61FAB945D00801492 /* Info.plist */ = {isa = PBXFileReference; lastKnownFileType = text.plist.xml; path = Info.plist; sourceTree = "<group>"; };
/* End PBXFileReference section */

/* Begin PBXFrameworksBuildPhase section */
		BD56E3781FAB945D00801492 /* Frameworks */ = {
			isa = PBXFrameworksBuildPhase;
			buildActionMask = 2147483647;
			files = (
			);
			runOnlyForDeploymentPostprocessing = 0;
		};
		BD56E3921FAB945D00801492 /* Frameworks */ = {
			isa = PBXFrameworksBuildPhase;
			buildActionMask = 2147483647;
			files = (
			);
			runOnlyForDeploymentPostprocessing = 0;
		};
		BD56E39D1FAB945D00801492 /* Frameworks */ = {
			isa = PBXFrameworksBuildPhase;
			buildActionMask = 2147483647;
			files = (
			);
			runOnlyForDeploymentPostprocessing = 0;
		};
/* End PBXFrameworksBuildPhase section */

/* Begin PBXGroup section */
		BD56E3721FAB945D00801492 = {
			isa = PBXGroup;
			children = (
				BD56E37D1FAB945D00801492 /* newGame */,
				BD56E3981FAB945D00801492 /* newGameTests */,
				BD56E3A31FAB945D00801492 /* newGameUITests */,
				BD56E37C1FAB945D00801492 /* Products */,
			);
			sourceTree = "<group>";
		};
		BD56E37C1FAB945D00801492 /* Products */ = {
			isa = PBXGroup;
			children = (
				BD56E37B1FAB945D00801492 /* newGame.app */,
				BD56E3951FAB945D00801492 /* newGameTests.xctest */,
				BD56E3A01FAB945D00801492 /* newGameUITests.xctest */,
			);
			name = Products;
			sourceTree = "<group>";
		};
		BD56E37D1FAB945D00801492 /* newGame */ = {
			isa = PBXGroup;
			children = (
				BD56E37E1FAB945D00801492 /* AppDelegate.swift */,
				BD56E3841FAB945D00801492 /* GameScene.swift */,
				BD56E3861FAB945D00801492 /* GameViewController.swift */,
				BD56E3881FAB945D00801492 /* Main.storyboard */,
				BD56E38B1FAB945D00801492 /* Assets.xcassets */,
				BD56E38D1FAB945D00801492 /* LaunchScreen.storyboard */,
				BD56E3901FAB945D00801492 /* Info.plist */,
			);
			path = newGame;
			sourceTree = "<group>";
		};
		BD56E3981FAB945D00801492 /* newGameTests */ = {
			isa = PBXGroup;
			children = (
				BD56E3991FAB945D00801492 /* newGameTests.swift */,
				BD56E39B1FAB945D00801492 /* Info.plist */,
			);
			path = newGameTests;
			sourceTree = "<group>";
		};
		BD56E3A31FAB945D00801492 /* newGameUITests */ = {
			isa = PBXGroup;
			children = (
				BD56E3A41FAB945D00801492 /* newGameUITests.swift */,
				BD56E3A61FAB945D00801492 /* Info.plist */,
			);
			path = newGameUITests;
			sourceTree = "<group>";
		};
/* End PBXGroup section */

/* Begin PBXNativeTarget section */
		BD56E37A1FAB945D00801492 /* newGame */ = {
			isa = PBXNativeTarget;
			buildConfigurationList = BD56E3A91FAB945D00801492 /* Build configuration list for PBXNativeTarget "newGame" */;
			buildPhases = (
				BD56E3771FAB945D00801492 /* Sources */,
				BD56E3781FAB945D00801492 /* Frameworks */,
				BD56E3791FAB945D00801492 /* Resources */,
			);
			buildRules = (
			);
			dependencies = (
			);
			name = newGame;
			productName = newGame;
			productReference = BD56E37B1FAB945D00801492 /* newGame.app */;
			productType = "com.apple.product-type.application";
		};
		BD56E3941FAB945D00801492 /* newGameTests */ = {
			isa = PBXNativeTarget;
			buildConfigurationList = BD56E3AC1FAB945D00801492 /* Build configuration list for PBXNativeTarget "newGameTests" */;
			buildPhases = (
				BD56E3911FAB945D00801492 /* Sources */,
				BD56E3921FAB945D00801492 /* Frameworks */,
				BD56E3931FAB945D00801492 /* Resources */,
			);
			buildRules = (
			);
			dependencies = (
				BD56E3971FAB945D00801492 /* PBXTargetDependency */,
			);
			name = newGameTests;
			productName = newGameTests;
			productReference = BD56E3951FAB945D00801492 /* newGameTests.xctest */;
			productType = "com.apple.product-type.bundle.unit-test";
		};
		BD56E39F1FAB945D00801492 /* newGameUITests */ = {
			isa = PBXNativeTarget;
			buildConfigurationList = BD56E3AF1FAB945D00801492 /* Build configuration list for PBXNativeTarget "newGameUITests" */;
			buildPhases = (
				BD56E39C1FAB945D00801492 /* Sources */,
				BD56E39D1FAB945D00801492 /* Frameworks */,
				BD56E39E1FAB945D00801492 /* Resources */,
			);
			buildRules = (
			);
			dependencies = (
				BD56E3A21FAB945D00801492 /* PBXTargetDependency */,
			);
			name = newGameUITests;
			productName = newGameUITests;
			productReference = BD56E3A01FAB945D00801492 /* newGameUITests.xctest */;
			productType = "com.apple.product-type.bundle.ui-testing";
		};
/* End PBXNativeTarget section */

/* Begin PBXProject section */
		BD56E3731FAB945D00801492 /* Project object */ = {
			isa = PBXProject;
			attributes = {
				LastSwiftUpdateCheck = 0830;
				LastUpgradeCheck = 0830;
				ORGANIZATIONNAME = "Estefania  Yepez";
				TargetAttributes = {
					BD56E37A1FAB945D00801492 = {
						CreatedOnToolsVersion = 8.3.3;
						DevelopmentTeam = A8BKZ7438M;
						ProvisioningStyle = Automatic;
					};
					BD56E3941FAB945D00801492 = {
						CreatedOnToolsVersion = 8.3.3;
						ProvisioningStyle = Automatic;
						TestTargetID = BD56E37A1FAB945D00801492;
					};
					BD56E39F1FAB945D00801492 = {
						CreatedOnToolsVersion = 8.3.3;
						ProvisioningStyle = Automatic;
						TestTargetID = BD56E37A1FAB945D00801492;
					};
				};
			};
			buildConfigurationList = BD56E3761FAB945D00801492 /* Build configuration list for PBXProject "newGame" */;
			compatibilityVersion = "Xcode 3.2";
			developmentRegion = English;
			hasScannedForEncodings = 0;
			knownRegions = (
				en,
				Base,
			);
			mainGroup = BD56E3721FAB945D00801492;
			productRefGroup = BD56E37C1FAB945D00801492 /* Products */;
			projectDirPath = "";
			projectRoot = "";
			targets = (
				BD56E37A1FAB945D00801492 /* newGame */,
				BD56E3941FAB945D00801492 /* newGameTests */,
				BD56E39F1FAB945D00801492 /* newGameUITests */,
			);
		};
/* End PBXProject section */

/* Begin PBXResourcesBuildPhase section */
		BD56E3791FAB945D00801492 /* Resources */ = {
			isa = PBXResourcesBuildPhase;
			buildActionMask = 2147483647;
			files = (
				BD56E38A1FAB945D00801492 /* Main.storyboard in Resources */,
				BD56E38C1FAB945D00801492 /* Assets.xcassets in Resources */,
				BD56E38F1FAB945D00801492 /* LaunchScreen.storyboard in Resources */,
			);
			runOnlyForDeploymentPostprocessing = 0;
		};
		BD56E3931FAB945D00801492 /* Resources */ = {
			isa = PBXResourcesBuildPhase;
			buildActionMask = 2147483647;
			files = (
			);
			runOnlyForDeploymentPostprocessing = 0;
		};
		BD56E39E1FAB945D00801492 /* Resources */ = {
			isa = PBXResourcesBuildPhase;
			buildActionMask = 2147483647;
			files = (
			);
			runOnlyForDeploymentPostprocessing = 0;
		};
/* End PBXResourcesBuildPhase section */

/* Begin PBXSourcesBuildPhase section */
		BD56E3771FAB945D00801492 /* Sources */ = {
			isa = PBXSourcesBuildPhase;
			buildActionMask = 2147483647;
			files = (
				BD56E3851FAB945D00801492 /* GameScene.swift in Sources */,
				BD56E3871FAB945D00801492 /* GameViewController.swift in Sources */,
				BD56E37F1FAB945D00801492 /* AppDelegate.swift in Sources */,
			);
			runOnlyForDeploymentPostprocessing = 0;
		};
		BD56E3911FAB945D00801492 /* Sources */ = {
			isa = PBXSourcesBuildPhase;
			buildActionMask = 2147483647;
			files = (
				BD56E39A1FAB945D00801492 /* newGameTests.swift in Sources */,
			);
			runOnlyForDeploymentPostprocessing = 0;
		};
		BD56E39C1FAB945D00801492 /* Sources */ = {
			isa = PBXSourcesBuildPhase;
			buildActionMask = 2147483647;
			files = (
				BD56E3A51FAB945D00801492 /* newGameUITests.swift in Sources */,
			);
			runOnlyForDeploymentPostprocessing = 0;
		};
/* End PBXSourcesBuildPhase section */

/* Begin PBXTargetDependency section */
		BD56E3971FAB945D00801492 /* PBXTargetDependency */ = {
			isa = PBXTargetDependency;
			target = BD56E37A1FAB945D00801492 /* newGame */;
			targetProxy = BD56E3961FAB945D00801492 /* PBXContainerItemProxy */;
		};
		BD56E3A21FAB945D00801492 /* PBXTargetDependency */ = {
			isa = PBXTargetDependency;
			target = BD56E37A1FAB945D00801492 /* newGame */;
			targetProxy = BD56E3A11FAB945D00801492 /* PBXContainerItemProxy */;
		};
/* End PBXTargetDependency section */

/* Begin PBXVariantGroup section */
		BD56E3881FAB945D00801492 /* Main.storyboard */ = {
			isa = PBXVariantGroup;
			children = (
				BD56E3891FAB945D00801492 /* Base */,
			);
			name = Main.storyboard;
			sourceTree = "<group>";
		};
		BD56E38D1FAB945D00801492 /* LaunchScreen.storyboard */ = {
			isa = PBXVariantGroup;
			children = (
				BD56E38E1FAB945D00801492 /* Base */,
			);
			name = LaunchScreen.storyboard;
			sourceTree = "<group>";
		};
/* End PBXVariantGroup section */

/* Begin XCBuildConfiguration section */
		BD56E3A71FAB945D00801492 /* Debug */ = {
			isa = XCBuildConfiguration;
			buildSettings = {
				ALWAYS_SEARCH_USER_PATHS = NO;
				CLANG_ANALYZER_NONNULL = YES;
				CLANG_ANALYZER_NUMBER_OBJECT_CONVERSION = YES_AGGRESSIVE;
				CLANG_CXX_LANGUAGE_STANDARD = "gnu++0x";
				CLANG_CXX_LIBRARY = "libc++";
				CLANG_ENABLE_MODULES = YES;
				CLANG_ENABLE_OBJC_ARC = YES;
				CLANG_WARN_BOOL_CONVERSION = YES;
				CLANG_WARN_CONSTANT_CONVERSION = YES;
				CLANG_WARN_DIRECT_OBJC_ISA_USAGE = YES_ERROR;
				CLANG_WARN_DOCUMENTATION_COMMENTS = YES;
				CLANG_WARN_EMPTY_BODY = YES;
				CLANG_WARN_ENUM_CONVERSION = YES;
				CLANG_WARN_INFINITE_RECURSION = YES;
				CLANG_WARN_INT_CONVERSION = YES;
				CLANG_WARN_OBJC_ROOT_CLASS = YES_ERROR;
				CLANG_WARN_SUSPICIOUS_MOVE = YES;
				CLANG_WARN_UNREACHABLE_CODE = YES;
				CLANG_WARN__DUPLICATE_METHOD_MATCH = YES;
				"CODE_SIGN_IDENTITY[sdk=iphoneos*]" = "iPhone Developer";
				COPY_PHASE_STRIP = NO;
				DEBUG_INFORMATION_FORMAT = dwarf;
				ENABLE_STRICT_OBJC_MSGSEND = YES;
				ENABLE_TESTABILITY = YES;
				GCC_C_LANGUAGE_STANDARD = gnu99;
				GCC_DYNAMIC_NO_PIC = NO;
				GCC_NO_COMMON_BLOCKS = YES;
				GCC_OPTIMIZATION_LEVEL = 0;
				GCC_PREPROCESSOR_DEFINITIONS = (
					"DEBUG=1",
					"$(inherited)",
				);
				GCC_WARN_64_TO_32_BIT_CONVERSION = YES;
				GCC_WARN_ABOUT_RETURN_TYPE = YES_ERROR;
				GCC_WARN_UNDECLARED_SELECTOR = YES;
				GCC_WARN_UNINITIALIZED_AUTOS = YES_AGGRESSIVE;
				GCC_WARN_UNUSED_FUNCTION = YES;
				GCC_WARN_UNUSED_VARIABLE = YES;
				IPHONEOS_DEPLOYMENT_TARGET = 10.3;
				MTL_ENABLE_DEBUG_INFO = YES;
				ONLY_ACTIVE_ARCH = YES;
				SDKROOT = iphoneos;
				SWIFT_ACTIVE_COMPILATION_CONDITIONS = DEBUG;
				SWIFT_OPTIMIZATION_LEVEL = "-Onone";
				TARGETED_DEVICE_FAMILY = "1,2";
			};
			name = Debug;
		};
		BD56E3A81FAB945D00801492 /* Release */ = {
			isa = XCBuildConfiguration;
			buildSettings = {
				ALWAYS_SEARCH_USER_PATHS = NO;
				CLANG_ANALYZER_NONNULL = YES;
				CLANG_ANALYZER_NUMBER_OBJECT_CONVERSION = YES_AGGRESSIVE;
				CLANG_CXX_LANGUAGE_STANDARD = "gnu++0x";
				CLANG_CXX_LIBRARY = "libc++";
				CLANG_ENABLE_MODULES = YES;
				CLANG_ENABLE_OBJC_ARC = YES;
				CLANG_WARN_BOOL_CONVERSION = YES;
				CLANG_WARN_CONSTANT_CONVERSION = YES;
				CLANG_WARN_DIRECT_OBJC_ISA_USAGE = YES_ERROR;
				CLANG_WARN_DOCUMENTATION_COMMENTS = YES;
				CLANG_WARN_EMPTY_BODY = YES;
				CLANG_WARN_ENUM_CONVERSION = YES;
				CLANG_WARN_INFINITE_RECURSION = YES;
				CLANG_WARN_INT_CONVERSION = YES;
				CLANG_WARN_OBJC_ROOT_CLASS = YES_ERROR;
				CLANG_WARN_SUSPICIOUS_MOVE = YES;
				CLANG_WARN_UNREACHABLE_CODE = YES;
				CLANG_WARN__DUPLICATE_METHOD_MATCH = YES;
				"CODE_SIGN_IDENTITY[sdk=iphoneos*]" = "iPhone Developer";
				COPY_PHASE_STRIP = NO;
				DEBUG_INFORMATION_FORMAT = "dwarf-with-dsym";
				ENABLE_NS_ASSERTIONS = NO;
				ENABLE_STRICT_OBJC_MSGSEND = YES;
				GCC_C_LANGUAGE_STANDARD = gnu99;
				GCC_NO_COMMON_BLOCKS = YES;
				GCC_WARN_64_TO_32_BIT_CONVERSION = YES;
				GCC_WARN_ABOUT_RETURN_TYPE = YES_ERROR;
				GCC_WARN_UNDECLARED_SELECTOR = YES;
				GCC_WARN_UNINITIALIZED_AUTOS = YES_AGGRESSIVE;
				GCC_WARN_UNUSED_FUNCTION = YES;
				GCC_WARN_UNUSED_VARIABLE = YES;
				IPHONEOS_DEPLOYMENT_TARGET = 10.3;
				MTL_ENABLE_DEBUG_INFO = NO;
				SDKROOT = iphoneos;
				SWIFT_OPTIMIZATION_LEVEL = "-Owholemodule";
				TARGETED_DEVICE_FAMILY = "1,2";
				VALIDATE_PRODUCT = YES;
			};
			name = Release;
		};
		BD56E3AA1FAB945D00801492 /* Debug */ = {
			isa = XCBuildConfiguration;
			buildSettings = {
				ASSETCATALOG_COMPILER_APPICON_NAME = AppIcon;
				DEVELOPMENT_TEAM = A8BKZ7438M;
				INFOPLIST_FILE = newGame/Info.plist;
				IPHONEOS_DEPLOYMENT_TARGET = 10.3;
				LD_RUNPATH_SEARCH_PATHS = "$(inherited) @executable_path/Frameworks";
				PRODUCT_BUNDLE_IDENTIFIER = com.IOS.newGame.newGame;
				PRODUCT_NAME = "$(TARGET_NAME)";
				SWIFT_VERSION = 3.0;
			};
			name = Debug;
		};
		BD56E3AB1FAB945D00801492 /* Release */ = {
			isa = XCBuildConfiguration;
			buildSettings = {
				ASSETCATALOG_COMPILER_APPICON_NAME = AppIcon;
				DEVELOPMENT_TEAM = A8BKZ7438M;
				INFOPLIST_FILE = newGame/Info.plist;
				IPHONEOS_DEPLOYMENT_TARGET = 10.3;
				LD_RUNPATH_SEARCH_PATHS = "$(inherited) @executable_path/Frameworks";
				PRODUCT_BUNDLE_IDENTIFIER = com.IOS.newGame.newGame;
				PRODUCT_NAME = "$(TARGET_NAME)";
				SWIFT_VERSION = 3.0;
			};
			name = Release;
		};
		BD56E3AD1FAB945D00801492 /* Debug */ = {
			isa = XCBuildConfiguration;
			buildSettings = {
				ALWAYS_EMBED_SWIFT_STANDARD_LIBRARIES = YES;
				BUNDLE_LOADER = "$(TEST_HOST)";
				INFOPLIST_FILE = newGameTests/Info.plist;
				LD_RUNPATH_SEARCH_PATHS = "$(inherited) @executable_path/Frameworks @loader_path/Frameworks";
				PRODUCT_BUNDLE_IDENTIFIER = com.IOS.newGame.newGameTests;
				PRODUCT_NAME = "$(TARGET_NAME)";
				SWIFT_VERSION = 3.0;
				TEST_HOST = "$(BUILT_PRODUCTS_DIR)/newGame.app/newGame";
			};
			name = Debug;
		};
		BD56E3AE1FAB945D00801492 /* Release */ = {
			isa = XCBuildConfiguration;
			buildSettings = {
				ALWAYS_EMBED_SWIFT_STANDARD_LIBRARIES = YES;
				BUNDLE_LOADER = "$(TEST_HOST)";
				INFOPLIST_FILE = newGameTests/Info.plist;
				LD_RUNPATH_SEARCH_PATHS = "$(inherited) @executable_path/Frameworks @loader_path/Frameworks";
				PRODUCT_BUNDLE_IDENTIFIER = com.IOS.newGame.newGameTests;
				PRODUCT_NAME = "$(TARGET_NAME)";
				SWIFT_VERSION = 3.0;
				TEST_HOST = "$(BUILT_PRODUCTS_DIR)/newGame.app/newGame";
			};
			name = Release;
		};
		BD56E3B01FAB945D00801492 /* Debug */ = {
			isa = XCBuildConfiguration;
			buildSettings = {
				ALWAYS_EMBED_SWIFT_STANDARD_LIBRARIES = YES;
				INFOPLIST_FILE = newGameUITests/Info.plist;
				LD_RUNPATH_SEARCH_PATHS = "$(inherited) @executable_path/Frameworks @loader_path/Frameworks";
				PRODUCT_BUNDLE_IDENTIFIER = com.IOS.newGame.newGameUITests;
				PRODUCT_NAME = "$(TARGET_NAME)";
				SWIFT_VERSION = 3.0;
				TEST_TARGET_NAME = newGame;
			};
			name = Debug;
		};
		BD56E3B11FAB945D00801492 /* Release */ = {
			isa = XCBuildConfiguration;
			buildSettings = {
				ALWAYS_EMBED_SWIFT_STANDARD_LIBRARIES = YES;
				INFOPLIST_FILE = newGameUITests/Info.plist;
				LD_RUNPATH_SEARCH_PATHS = "$(inherited) @executable_path/Frameworks @loader_path/Frameworks";
				PRODUCT_BUNDLE_IDENTIFIER = com.IOS.newGame.newGameUITests;
				PRODUCT_NAME = "$(TARGET_NAME)";
				SWIFT_VERSION = 3.0;
				TEST_TARGET_NAME = newGame;
			};
			name = Release;
		};
/* End XCBuildConfiguration section */

/* Begin XCConfigurationList section */
		BD56E3761FAB945D00801492 /* Build configuration list for PBXProject "newGame" */ = {
			isa = XCConfigurationList;
			buildConfigurations = (
				BD56E3A71FAB945D00801492 /* Debug */,
				BD56E3A81FAB945D00801492 /* Release */,
			);
			defaultConfigurationIsVisible = 0;
			defaultConfigurationName = Release;
		};
		BD56E3A91FAB945D00801492 /* Build configuration list for PBXNativeTarget "newGame" */ = {
			isa = XCConfigurationList;
			buildConfigurations = (
				BD56E3AA1FAB945D00801492 /* Debug */,
				BD56E3AB1FAB945D00801492 /* Release */,
			);
			defaultConfigurationIsVisible = 0;
			defaultConfigurationName = Release;
		};
		BD56E3AC1FAB945D00801492 /* Build configuration list for PBXNativeTarget "newGameTests" */ = {
			isa = XCConfigurationList;
			buildConfigurations = (
				BD56E3AD1FAB945D00801492 /* Debug */,
				BD56E3AE1FAB945D00801492 /* Release */,
			);
			defaultConfigurationIsVisible = 0;
			defaultConfigurationName = Release;
		};
		BD56E3AF1FAB945D00801492 /* Build configuration list for PBXNativeTarget "newGameUITests" */ = {
			isa = XCConfigurationList;
			buildConfigurations = (
				BD56E3B01FAB945D00801492 /* Debug */,
				BD56E3B11FAB945D00801492 /* Release */,
			);
			defaultConfigurationIsVisible = 0;
			defaultConfigurationName = Release;
		};
/* End XCConfigurationList section */
	};
	rootObject = BD56E3731FAB945D00801492 /* Project object */;
}
